// !$*UTF8*$!
{
	archiveVersion = 1;
	classes = {
	};
	objectVersion = 46;
	objects = {

/* Begin PBXBuildFile section */
		3D13A9931D0F74CB00D5BA22 /* AppDelegate.swift in Sources */ = {isa = PBXBuildFile; fileRef = 3D13A9921D0F74CB00D5BA22 /* AppDelegate.swift */; };
		3D13A9951D0F74CB00D5BA22 /* ViewController.swift in Sources */ = {isa = PBXBuildFile; fileRef = 3D13A9941D0F74CB00D5BA22 /* ViewController.swift */; };
		3D13A9981D0F74CB00D5BA22 /* Main.storyboard in Resources */ = {isa = PBXBuildFile; fileRef = 3D13A9961D0F74CB00D5BA22 /* Main.storyboard */; };
		3D13A99B1D0F74CB00D5BA22 /* Color_Finder_Tutorial.xcdatamodeld in Sources */ = {isa = PBXBuildFile; fileRef = 3D13A9991D0F74CB00D5BA22 /* Color_Finder_Tutorial.xcdatamodeld */; };
		3D13A99D1D0F74CB00D5BA22 /* Assets.xcassets in Resources */ = {isa = PBXBuildFile; fileRef = 3D13A99C1D0F74CB00D5BA22 /* Assets.xcassets */; };
		3D13A9A01D0F74CB00D5BA22 /* LaunchScreen.storyboard in Resources */ = {isa = PBXBuildFile; fileRef = 3D13A99E1D0F74CB00D5BA22 /* LaunchScreen.storyboard */; };
		3D13A9AB1D0F74CB00D5BA22 /* Color_Finder_TutorialTests.swift in Sources */ = {isa = PBXBuildFile; fileRef = 3D13A9AA1D0F74CB00D5BA22 /* Color_Finder_TutorialTests.swift */; };
		3D13A9B61D0F74CB00D5BA22 /* Color_Finder_TutorialUITests.swift in Sources */ = {isa = PBXBuildFile; fileRef = 3D13A9B51D0F74CB00D5BA22 /* Color_Finder_TutorialUITests.swift */; };
/* End PBXBuildFile section */

/* Begin PBXContainerItemProxy section */
		3D13A9A71D0F74CB00D5BA22 /* PBXContainerItemProxy */ = {
			isa = PBXContainerItemProxy;
			containerPortal = 3D13A9871D0F74CA00D5BA22 /* Project object */;
			proxyType = 1;
			remoteGlobalIDString = 3D13A98E1D0F74CB00D5BA22;
			remoteInfo = "Color Finder Tutorial";
		};
		3D13A9B21D0F74CB00D5BA22 /* PBXContainerItemProxy */ = {
			isa = PBXContainerItemProxy;
			containerPortal = 3D13A9871D0F74CA00D5BA22 /* Project object */;
			proxyType = 1;
			remoteGlobalIDString = 3D13A98E1D0F74CB00D5BA22;
			remoteInfo = "Color Finder Tutorial";
		};
/* End PBXContainerItemProxy section */

/* Begin PBXFileReference section */
		3D13A98F1D0F74CB00D5BA22 /* Color Finder Tutorial.app */ = {isa = PBXFileReference; explicitFileType = wrapper.application; includeInIndex = 0; path = "Color Finder Tutorial.app"; sourceTree = BUILT_PRODUCTS_DIR; };
		3D13A9921D0F74CB00D5BA22 /* AppDelegate.swift */ = {isa = PBXFileReference; lastKnownFileType = sourcecode.swift; path = AppDelegate.swift; sourceTree = "<group>"; };
		3D13A9941D0F74CB00D5BA22 /* ViewController.swift */ = {isa = PBXFileReference; lastKnownFileType = sourcecode.swift; path = ViewController.swift; sourceTree = "<group>"; };
		3D13A9971D0F74CB00D5BA22 /* Base */ = {isa = PBXFileReference; lastKnownFileType = file.storyboard; name = Base; path = Base.lproj/Main.storyboard; sourceTree = "<group>"; };
		3D13A99A1D0F74CB00D5BA22 /* Color_Finder_Tutorial.xcdatamodel */ = {isa = PBXFileReference; lastKnownFileType = wrapper.xcdatamodel; path = Color_Finder_Tutorial.xcdatamodel; sourceTree = "<group>"; };
		3D13A99C1D0F74CB00D5BA22 /* Assets.xcassets */ = {isa = PBXFileReference; lastKnownFileType = folder.assetcatalog; path = Assets.xcassets; sourceTree = "<group>"; };
		3D13A99F1D0F74CB00D5BA22 /* Base */ = {isa = PBXFileReference; lastKnownFileType = file.storyboard; name = Base; path = Base.lproj/LaunchScreen.storyboard; sourceTree = "<group>"; };
		3D13A9A11D0F74CB00D5BA22 /* Info.plist */ = {isa = PBXFileReference; lastKnownFileType = text.plist.xml; path = Info.plist; sourceTree = "<group>"; };
		3D13A9A61D0F74CB00D5BA22 /* Color Finder TutorialTests.xctest */ = {isa = PBXFileReference; explicitFileType = wrapper.cfbundle; includeInIndex = 0; path = "Color Finder TutorialTests.xctest"; sourceTree = BUILT_PRODUCTS_DIR; };
		3D13A9AA1D0F74CB00D5BA22 /* Color_Finder_TutorialTests.swift */ = {isa = PBXFileReference; lastKnownFileType = sourcecode.swift; path = Color_Finder_TutorialTests.swift; sourceTree = "<group>"; };
		3D13A9AC1D0F74CB00D5BA22 /* Info.plist */ = {isa = PBXFileReference; lastKnownFileType = text.plist.xml; path = Info.plist; sourceTree = "<group>"; };
		3D13A9B11D0F74CB00D5BA22 /* Color Finder TutorialUITests.xctest */ = {isa = PBXFileReference; explicitFileType = wrapper.cfbundle; includeInIndex = 0; path = "Color Finder TutorialUITests.xctest"; sourceTree = BUILT_PRODUCTS_DIR; };
		3D13A9B51D0F74CB00D5BA22 /* Color_Finder_TutorialUITests.swift */ = {isa = PBXFileReference; lastKnownFileType = sourcecode.swift; path = Color_Finder_TutorialUITests.swift; sourceTree = "<group>"; };
		3D13A9B71D0F74CB00D5BA22 /* Info.plist */ = {isa = PBXFileReference; lastKnownFileType = text.plist.xml; path = Info.plist; sourceTree = "<group>"; };
/* End PBXFileReference section */

/* Begin PBXFrameworksBuildPhase section */
		3D13A98C1D0F74CB00D5BA22 /* Frameworks */ = {
			isa = PBXFrameworksBuildPhase;
			buildActionMask = 2147483647;
			files = (
			);
			runOnlyForDeploymentPostprocessing = 0;
		};
		3D13A9A31D0F74CB00D5BA22 /* Frameworks */ = {
			isa = PBXFrameworksBuildPhase;
			buildActionMask = 2147483647;
			files = (
			);
			runOnlyForDeploymentPostprocessing = 0;
		};
		3D13A9AE1D0F74CB00D5BA22 /* Frameworks */ = {
			isa = PBXFrameworksBuildPhase;
			buildActionMask = 2147483647;
			files = (
			);
			runOnlyForDeploymentPostprocessing = 0;
		};
/* End PBXFrameworksBuildPhase section */

/* Begin PBXGroup section */
		3D13A9861D0F74CA00D5BA22 = {
			isa = PBXGroup;
			children = (
				3D13A9911D0F74CB00D5BA22 /* Color Finder Tutorial */,
				3D13A9A91D0F74CB00D5BA22 /* Color Finder TutorialTests */,
				3D13A9B41D0F74CB00D5BA22 /* Color Finder TutorialUITests */,
				3D13A9901D0F74CB00D5BA22 /* Products */,
			);
			sourceTree = "<group>";
		};
		3D13A9901D0F74CB00D5BA22 /* Products */ = {
			isa = PBXGroup;
			children = (
				3D13A98F1D0F74CB00D5BA22 /* Color Finder Tutorial.app */,
				3D13A9A61D0F74CB00D5BA22 /* Color Finder TutorialTests.xctest */,
				3D13A9B11D0F74CB00D5BA22 /* Color Finder TutorialUITests.xctest */,
			);
			name = Products;
			sourceTree = "<group>";
		};
		3D13A9911D0F74CB00D5BA22 /* Color Finder Tutorial */ = {
			isa = PBXGroup;
			children = (
				3D13A9921D0F74CB00D5BA22 /* AppDelegate.swift */,
				3D13A9941D0F74CB00D5BA22 /* ViewController.swift */,
				3D13A9961D0F74CB00D5BA22 /* Main.storyboard */,
				3D13A99C1D0F74CB00D5BA22 /* Assets.xcassets */,
				3D13A99E1D0F74CB00D5BA22 /* LaunchScreen.storyboard */,
				3D13A9A11D0F74CB00D5BA22 /* Info.plist */,
				3D13A9991D0F74CB00D5BA22 /* Color_Finder_Tutorial.xcdatamodeld */,
			);
			path = "Color Finder Tutorial";
			sourceTree = "<group>";
		};
		3D13A9A91D0F74CB00D5BA22 /* Color Finder TutorialTests */ = {
			isa = PBXGroup;
			children = (
				3D13A9AA1D0F74CB00D5BA22 /* Color_Finder_TutorialTests.swift */,
				3D13A9AC1D0F74CB00D5BA22 /* Info.plist */,
			);
			path = "Color Finder TutorialTests";
			sourceTree = "<group>";
		};
		3D13A9B41D0F74CB00D5BA22 /* Color Finder TutorialUITests */ = {
			isa = PBXGroup;
			children = (
				3D13A9B51D0F74CB00D5BA22 /* Color_Finder_TutorialUITests.swift */,
				3D13A9B71D0F74CB00D5BA22 /* Info.plist */,
			);
			path = "Color Finder TutorialUITests";
			sourceTree = "<group>";
		};
/* End PBXGroup section */

/* Begin PBXNativeTarget section */
		3D13A98E1D0F74CB00D5BA22 /* Color Finder Tutorial */ = {
			isa = PBXNativeTarget;
			buildConfigurationList = 3D13A9BA1D0F74CB00D5BA22 /* Build configuration list for PBXNativeTarget "Color Finder Tutorial" */;
			buildPhases = (
				3D13A98B1D0F74CB00D5BA22 /* Sources */,
				3D13A98C1D0F74CB00D5BA22 /* Frameworks */,
				3D13A98D1D0F74CB00D5BA22 /* Resources */,
			);
			buildRules = (
			);
			dependencies = (
			);
			name = "Color Finder Tutorial";
			productName = "Color Finder Tutorial";
			productReference = 3D13A98F1D0F74CB00D5BA22 /* Color Finder Tutorial.app */;
			productType = "com.apple.product-type.application";
		};
		3D13A9A51D0F74CB00D5BA22 /* Color Finder TutorialTests */ = {
			isa = PBXNativeTarget;
			buildConfigurationList = 3D13A9BD1D0F74CB00D5BA22 /* Build configuration list for PBXNativeTarget "Color Finder TutorialTests" */;
			buildPhases = (
				3D13A9A21D0F74CB00D5BA22 /* Sources */,
				3D13A9A31D0F74CB00D5BA22 /* Frameworks */,
				3D13A9A41D0F74CB00D5BA22 /* Resources */,
			);
			buildRules = (
			);
			dependencies = (
				3D13A9A81D0F74CB00D5BA22 /* PBXTargetDependency */,
			);
			name = "Color Finder TutorialTests";
			productName = "Color Finder TutorialTests";
			productReference = 3D13A9A61D0F74CB00D5BA22 /* Color Finder TutorialTests.xctest */;
			productType = "com.apple.product-type.bundle.unit-test";
		};
		3D13A9B01D0F74CB00D5BA22 /* Color Finder TutorialUITests */ = {
			isa = PBXNativeTarget;
			buildConfigurationList = 3D13A9C01D0F74CB00D5BA22 /* Build configuration list for PBXNativeTarget "Color Finder TutorialUITests" */;
			buildPhases = (
				3D13A9AD1D0F74CB00D5BA22 /* Sources */,
				3D13A9AE1D0F74CB00D5BA22 /* Frameworks */,
				3D13A9AF1D0F74CB00D5BA22 /* Resources */,
			);
			buildRules = (
			);
			dependencies = (
				3D13A9B31D0F74CB00D5BA22 /* PBXTargetDependency */,
			);
			name = "Color Finder TutorialUITests";
			productName = "Color Finder TutorialUITests";
			productReference = 3D13A9B11D0F74CB00D5BA22 /* Color Finder TutorialUITests.xctest */;
			productType = "com.apple.product-type.bundle.ui-testing";
		};
/* End PBXNativeTarget section */

/* Begin PBXProject section */
		3D13A9871D0F74CA00D5BA22 /* Project object */ = {
			isa = PBXProject;
			attributes = {
				LastSwiftUpdateCheck = 0730;
				LastUpgradeCheck = 0730;
				ORGANIZATIONNAME = "Cynthia Whitlatch";
				TargetAttributes = {
					3D13A98E1D0F74CB00D5BA22 = {
						CreatedOnToolsVersion = 7.3.1;
					};
					3D13A9A51D0F74CB00D5BA22 = {
						CreatedOnToolsVersion = 7.3.1;
						TestTargetID = 3D13A98E1D0F74CB00D5BA22;
					};
					3D13A9B01D0F74CB00D5BA22 = {
						CreatedOnToolsVersion = 7.3.1;
						TestTargetID = 3D13A98E1D0F74CB00D5BA22;
					};
				};
			};
			buildConfigurationList = 3D13A98A1D0F74CA00D5BA22 /* Build configuration list for PBXProject "Color Finder Tutorial" */;
			compatibilityVersion = "Xcode 3.2";
			developmentRegion = English;
			hasScannedForEncodings = 0;
			knownRegions = (
				en,
				Base,
			);
			mainGroup = 3D13A9861D0F74CA00D5BA22;
			productRefGroup = 3D13A9901D0F74CB00D5BA22 /* Products */;
			projectDirPath = "";
			projectRoot = "";
			targets = (
				3D13A98E1D0F74CB00D5BA22 /* Color Finder Tutorial */,
				3D13A9A51D0F74CB00D5BA22 /* Color Finder TutorialTests */,
				3D13A9B01D0F74CB00D5BA22 /* Color Finder TutorialUITests */,
			);
		};
/* End PBXProject section */

/* Begin PBXResourcesBuildPhase section */
		3D13A98D1D0F74CB00D5BA22 /* Resources */ = {
			isa = PBXResourcesBuildPhase;
			buildActionMask = 2147483647;
			files = (
				3D13A9A01D0F74CB00D5BA22 /* LaunchScreen.storyboard in Resources */,
				3D13A99D1D0F74CB00D5BA22 /* Assets.xcassets in Resources */,
				3D13A9981D0F74CB00D5BA22 /* Main.storyboard in Resources */,
			);
			runOnlyForDeploymentPostprocessing = 0;
		};
		3D13A9A41D0F74CB00D5BA22 /* Resources */ = {
			isa = PBXResourcesBuildPhase;
			buildActionMask = 2147483647;
			files = (
			);
			runOnlyForDeploymentPostprocessing = 0;
		};
		3D13A9AF1D0F74CB00D5BA22 /* Resources */ = {
			isa = PBXResourcesBuildPhase;
			buildActionMask = 2147483647;
			files = (
			);
			runOnlyForDeploymentPostprocessing = 0;
		};
/* End PBXResourcesBuildPhase section */

/* Begin PBXSourcesBuildPhase section */
		3D13A98B1D0F74CB00D5BA22 /* Sources */ = {
			isa = PBXSourcesBuildPhase;
			buildActionMask = 2147483647;
			files = (
				3D13A9951D0F74CB00D5BA22 /* ViewController.swift in Sources */,
				3D13A99B1D0F74CB00D5BA22 /* Color_Finder_Tutorial.xcdatamodeld in Sources */,
				3D13A9931D0F74CB00D5BA22 /* AppDelegate.swift in Sources */,
			);
			runOnlyForDeploymentPostprocessing = 0;
		};
		3D13A9A21D0F74CB00D5BA22 /* Sources */ = {
			isa = PBXSourcesBuildPhase;
			buildActionMask = 2147483647;
			files = (
				3D13A9AB1D0F74CB00D5BA22 /* Color_Finder_TutorialTests.swift in Sources */,
			);
			runOnlyForDeploymentPostprocessing = 0;
		};
		3D13A9AD1D0F74CB00D5BA22 /* Sources */ = {
			isa = PBXSourcesBuildPhase;
			buildActionMask = 2147483647;
			files = (
				3D13A9B61D0F74CB00D5BA22 /* Color_Finder_TutorialUITests.swift in Sources */,
			);
			runOnlyForDeploymentPostprocessing = 0;
		};
/* End PBXSourcesBuildPhase section */

/* Begin PBXTargetDependency section */
		3D13A9A81D0F74CB00D5BA22 /* PBXTargetDependency */ = {
			isa = PBXTargetDependency;
			target = 3D13A98E1D0F74CB00D5BA22 /* Color Finder Tutorial */;
			targetProxy = 3D13A9A71D0F74CB00D5BA22 /* PBXContainerItemProxy */;
		};
		3D13A9B31D0F74CB00D5BA22 /* PBXTargetDependency */ = {
			isa = PBXTargetDependency;
			target = 3D13A98E1D0F74CB00D5BA22 /* Color Finder Tutorial */;
			targetProxy = 3D13A9B21D0F74CB00D5BA22 /* PBXContainerItemProxy */;
		};
/* End PBXTargetDependency section */

/* Begin PBXVariantGroup section */
		3D13A9961D0F74CB00D5BA22 /* Main.storyboard */ = {
			isa = PBXVariantGroup;
			children = (
				3D13A9971D0F74CB00D5BA22 /* Base */,
			);
			name = Main.storyboard;
			sourceTree = "<group>";
		};
		3D13A99E1D0F74CB00D5BA22 /* LaunchScreen.storyboard */ = {
			isa = PBXVariantGroup;
			children = (
				3D13A99F1D0F74CB00D5BA22 /* Base */,
			);
			name = LaunchScreen.storyboard;
			sourceTree = "<group>";
		};
/* End PBXVariantGroup section */

/* Begin XCBuildConfiguration section */
		3D13A9B81D0F74CB00D5BA22 /* Debug */ = {
			isa = XCBuildConfiguration;
			buildSettings = {
				ALWAYS_SEARCH_USER_PATHS = NO;
				CLANG_ANALYZER_NONNULL = YES;
				CLANG_CXX_LANGUAGE_STANDARD = "gnu++0x";
				CLANG_CXX_LIBRARY = "libc++";
				CLANG_ENABLE_MODULES = YES;
				CLANG_ENABLE_OBJC_ARC = YES;
				CLANG_WARN_BOOL_CONVERSION = YES;
				CLANG_WARN_CONSTANT_CONVERSION = YES;
				CLANG_WARN_DIRECT_OBJC_ISA_USAGE = YES_ERROR;
				CLANG_WARN_EMPTY_BODY = YES;
				CLANG_WARN_ENUM_CONVERSION = YES;
				CLANG_WARN_INT_CONVERSION = YES;
				CLANG_WARN_OBJC_ROOT_CLASS = YES_ERROR;
				CLANG_WARN_UNREACHABLE_CODE = YES;
				CLANG_WARN__DUPLICATE_METHOD_MATCH = YES;
				"CODE_SIGN_IDENTITY[sdk=iphoneos*]" = "iPhone Developer";
				COPY_PHASE_STRIP = NO;
				DEBUG_INFORMATION_FORMAT = dwarf;
				ENABLE_STRICT_OBJC_MSGSEND = YES;
				ENABLE_TESTABILITY = YES;
				GCC_C_LANGUAGE_STANDARD = gnu99;
				GCC_DYNAMIC_NO_PIC = NO;
				GCC_NO_COMMON_BLOCKS = YES;
				GCC_OPTIMIZATION_LEVEL = 0;
				GCC_PREPROCESSOR_DEFINITIONS = (
					"DEBUG=1",
					"$(inherited)",
				);
				GCC_WARN_64_TO_32_BIT_CONVERSION = YES;
				GCC_WARN_ABOUT_RETURN_TYPE = YES_ERROR;
				GCC_WARN_UNDECLARED_SELECTOR = YES;
				GCC_WARN_UNINITIALIZED_AUTOS = YES_AGGRESSIVE;
				GCC_WARN_UNUSED_FUNCTION = YES;
				GCC_WARN_UNUSED_VARIABLE = YES;
				IPHONEOS_DEPLOYMENT_TARGET = 9.3;
				MTL_ENABLE_DEBUG_INFO = YES;
				ONLY_ACTIVE_ARCH = YES;
				SDKROOT = iphoneos;
				SWIFT_OPTIMIZATION_LEVEL = "-Onone";
			};
			name = Debug;
		};
		3D13A9B91D0F74CB00D5BA22 /* Release */ = {
			isa = XCBuildConfiguration;
			buildSettings = {
				ALWAYS_SEARCH_USER_PATHS = NO;
				CLANG_ANALYZER_NONNULL = YES;
				CLANG_CXX_LANGUAGE_STANDARD = "gnu++0x";
				CLANG_CXX_LIBRARY = "libc++";
				CLANG_ENABLE_MODULES = YES;
				CLANG_ENABLE_OBJC_ARC = YES;
				CLANG_WARN_BOOL_CONVERSION = YES;
				CLANG_WARN_CONSTANT_CONVERSION = YES;
				CLANG_WARN_DIRECT_OBJC_ISA_USAGE = YES_ERROR;
				CLANG_WARN_EMPTY_BODY = YES;
				CLANG_WARN_ENUM_CONVERSION = YES;
				CLANG_WARN_INT_CONVERSION = YES;
				CLANG_WARN_OBJC_ROOT_CLASS = YES_ERROR;
				CLANG_WARN_UNREACHABLE_CODE = YES;
				CLANG_WARN__DUPLICATE_METHOD_MATCH = YES;
				"CODE_SIGN_IDENTITY[sdk=iphoneos*]" = "iPhone Developer";
				COPY_PHASE_STRIP = NO;
				DEBUG_INFORMATION_FORMAT = "dwarf-with-dsym";
				ENABLE_NS_ASSERTIONS = NO;
				ENABLE_STRICT_OBJC_MSGSEND = YES;
				GCC_C_LANGUAGE_STANDARD = gnu99;
				GCC_NO_COMMON_BLOCKS = YES;
				GCC_WARN_64_TO_32_BIT_CONVERSION = YES;
				GCC_WARN_ABOUT_RETURN_TYPE = YES_ERROR;
				GCC_WARN_UNDECLARED_SELECTOR = YES;
				GCC_WARN_UNINITIALIZED_AUTOS = YES_AGGRESSIVE;
				GCC_WARN_UNUSED_FUNCTION = YES;
				GCC_WARN_UNUSED_VARIABLE = YES;
				IPHONEOS_DEPLOYMENT_TARGET = 9.3;
				MTL_ENABLE_DEBUG_INFO = NO;
				SDKROOT = iphoneos;
				VALIDATE_PRODUCT = YES;
			};
			name = Release;
		};
		3D13A9BB1D0F74CB00D5BA22 /* Debug */ = {
			isa = XCBuildConfiguration;
			buildSettings = {
				ASSETCATALOG_COMPILER_APPICON_NAME = AppIcon;
				INFOPLIST_FILE = "Color Finder Tutorial/Info.plist";
				LD_RUNPATH_SEARCH_PATHS = "$(inherited) @executable_path/Frameworks";
				PRODUCT_BUNDLE_IDENTIFIER = "com.cynthia.whitlatch.Color-Finder-Tutorial";
				PRODUCT_NAME = "$(TARGET_NAME)";
			};
			name = Debug;
		};
		3D13A9BC1D0F74CB00D5BA22 /* Release */ = {
			isa = XCBuildConfiguration;
			buildSettings = {
				ASSETCATALOG_COMPILER_APPICON_NAME = AppIcon;
				INFOPLIST_FILE = "Color Finder Tutorial/Info.plist";
				LD_RUNPATH_SEARCH_PATHS = "$(inherited) @executable_path/Frameworks";
				PRODUCT_BUNDLE_IDENTIFIER = "com.cynthia.whitlatch.Color-Finder-Tutorial";
				PRODUCT_NAME = "$(TARGET_NAME)";
			};
			name = Release;
		};
		3D13A9BE1D0F74CB00D5BA22 /* Debug */ = {
			isa = XCBuildConfiguration;
			buildSettings = {
				BUNDLE_LOADER = "$(TEST_HOST)";
				INFOPLIST_FILE = "Color Finder TutorialTests/Info.plist";
				LD_RUNPATH_SEARCH_PATHS = "$(inherited) @executable_path/Frameworks @loader_path/Frameworks";
				PRODUCT_BUNDLE_IDENTIFIER = "com.cynthia.whitlatch.Color-Finder-TutorialTests";
				PRODUCT_NAME = "$(TARGET_NAME)";
				TEST_HOST = "$(BUILT_PRODUCTS_DIR)/Color Finder Tutorial.app/Color Finder Tutorial";
			};
			name = Debug;
		};
		3D13A9BF1D0F74CB00D5BA22 /* Release */ = {
			isa = XCBuildConfiguration;
			buildSettings = {
				BUNDLE_LOADER = "$(TEST_HOST)";
				INFOPLIST_FILE = "Color Finder TutorialTests/Info.plist";
				LD_RUNPATH_SEARCH_PATHS = "$(inherited) @executable_path/Frameworks @loader_path/Frameworks";
				PRODUCT_BUNDLE_IDENTIFIER = "com.cynthia.whitlatch.Color-Finder-TutorialTests";
				PRODUCT_NAME = "$(TARGET_NAME)";
				TEST_HOST = "$(BUILT_PRODUCTS_DIR)/Color Finder Tutorial.app/Color Finder Tutorial";
			};
			name = Release;
		};
		3D13A9C11D0F74CB00D5BA22 /* Debug */ = {
			isa = XCBuildConfiguration;
			buildSettings = {
				INFOPLIST_FILE = "Color Finder TutorialUITests/Info.plist";
				LD_RUNPATH_SEARCH_PATHS = "$(inherited) @executable_path/Frameworks @loader_path/Frameworks";
				PRODUCT_BUNDLE_IDENTIFIER = "com.cynthia.whitlatch.Color-Finder-TutorialUITests";
				PRODUCT_NAME = "$(TARGET_NAME)";
				TEST_TARGET_NAME = "Color Finder Tutorial";
			};
			name = Debug;
		};
		3D13A9C21D0F74CB00D5BA22 /* Release */ = {
			isa = XCBuildConfiguration;
			buildSettings = {
				INFOPLIST_FILE = "Color Finder TutorialUITests/Info.plist";
				LD_RUNPATH_SEARCH_PATHS = "$(inherited) @executable_path/Frameworks @loader_path/Frameworks";
				PRODUCT_BUNDLE_IDENTIFIER = "com.cynthia.whitlatch.Color-Finder-TutorialUITests";
				PRODUCT_NAME = "$(TARGET_NAME)";
				TEST_TARGET_NAME = "Color Finder Tutorial";
			};
			name = Release;
		};
/* End XCBuildConfiguration section */

/* Begin XCConfigurationList section */
		3D13A98A1D0F74CA00D5BA22 /* Build configuration list for PBXProject "Color Finder Tutorial" */ = {
			isa = XCConfigurationList;
			buildConfigurations = (
				3D13A9B81D0F74CB00D5BA22 /* Debug */,
				3D13A9B91D0F74CB00D5BA22 /* Release */,
			);
			defaultConfigurationIsVisible = 0;
			defaultConfigurationName = Release;
		};
		3D13A9BA1D0F74CB00D5BA22 /* Build configuration list for PBXNativeTarget "Color Finder Tutorial" */ = {
			isa = XCConfigurationList;
			buildConfigurations = (
				3D13A9BB1D0F74CB00D5BA22 /* Debug */,
				3D13A9BC1D0F74CB00D5BA22 /* Release */,
			);
			defaultConfigurationIsVisible = 0;
		};
		3D13A9BD1D0F74CB00D5BA22 /* Build configuration list for PBXNativeTarget "Color Finder TutorialTests" */ = {
			isa = XCConfigurationList;
			buildConfigurations = (
				3D13A9BE1D0F74CB00D5BA22 /* Debug */,
				3D13A9BF1D0F74CB00D5BA22 /* Release */,
			);
			defaultConfigurationIsVisible = 0;
		};
		3D13A9C01D0F74CB00D5BA22 /* Build configuration list for PBXNativeTarget "Color Finder TutorialUITests" */ = {
			isa = XCConfigurationList;
			buildConfigurations = (
				3D13A9C11D0F74CB00D5BA22 /* Debug */,
				3D13A9C21D0F74CB00D5BA22 /* Release */,
			);
			defaultConfigurationIsVisible = 0;
		};
/* End XCConfigurationList section */

/* Begin XCVersionGroup section */
		3D13A9991D0F74CB00D5BA22 /* Color_Finder_Tutorial.xcdatamodeld */ = {
			isa = XCVersionGroup;
			children = (
				3D13A99A1D0F74CB00D5BA22 /* Color_Finder_Tutorial.xcdatamodel */,
			);
			currentVersion = 3D13A99A1D0F74CB00D5BA22 /* Color_Finder_Tutorial.xcdatamodel */;
			path = Color_Finder_Tutorial.xcdatamodeld;
			sourceTree = "<group>";
			versionGroupType = wrapper.xcdatamodel;
		};
/* End XCVersionGroup section */
	};
	rootObject = 3D13A9871D0F74CA00D5BA22 /* Project object */;
}
